
Microsoft Visual Studio Solution File, Format Version 12.00
# Visual Studio Version 16
VisualStudioVersion = 16.0.31729.503
MinimumVisualStudioVersion = 10.0.40219.1
Project("{FAE04EC0-301F-11D3-BF4B-00C04F79EFBC}") = "addressbook_tests_autoit", "addressbook_tests_autoit\addressbook_tests_autoit.csproj", "{40577231-AB95-4C8A-B809-5EB79D8EE5F3}"
EndProject
Global
	GlobalSection(SolutionConfigurationPlatforms) = preSolution
		Debug|Any CPU = Debug|Any CPU
		Release|Any CPU = Release|Any CPU
	EndGlobalSection
	GlobalSection(ProjectConfigurationPlatforms) = postSolution
		{40577231-AB95-4C8A-B809-5EB79D8EE5F3}.Debug|Any CPU.ActiveCfg = Debug|Any CPU
		{40577231-AB95-4C8A-B809-5EB79D8EE5F3}.Debug|Any CPU.Build.0 = Debug|Any CPU
		{40577231-AB95-4C8A-B809-5EB79D8EE5F3}.Release|Any CPU.ActiveCfg = Release|Any CPU
		{40577231-AB95-4C8A-B809-5EB79D8EE5F3}.Release|Any CPU.Build.0 = Release|Any CPU
	EndGlobalSection
	GlobalSection(SolutionProperties) = preSolution
		HideSolutionNode = FALSE
	EndGlobalSection
	GlobalSection(ExtensibilityGlobals) = postSolution
		SolutionGuid = {CDCAC55F-647E-44C8-97E6-B95A80D5953B}
	EndGlobalSection
EndGlobal
